
Microsoft Visual Studio Solution File, Format Version 12.00
# Visual Studio 15
VisualStudioVersion = 15.0.26430.16
MinimumVisualStudioVersion = 10.0.40219.1
Project("{FAE04EC0-301F-11D3-BF4B-00C04F79EFBC}") = "VeterinariaWebApi", "VeterinariaWebApi\VeterinariaWebApi.csproj", "{EF7C75D1-2F3D-41F3-B977-AAE00FD8D0D1}"
EndProject
Project("{FAE04EC0-301F-11D3-BF4B-00C04F79EFBC}") = "VeterinariaNF.Modelos", "VeterinariaNF.Modelos\VeterinariaNF.Modelos.csproj", "{AC4A3DFC-251C-44A4-BF0F-30FC5317FDD7}"
EndProject
Project("{D954291E-2A0B-460D-934E-DC6B0785DB48}") = "XamarinVeterinaria", "XamarinVeterinaria\XamarinVeterinaria\XamarinVeterinaria.shproj", "{972B8B9A-641B-46E2-BBEF-47D32EB8E6A6}"
EndProject
Project("{FAE04EC0-301F-11D3-BF4B-00C04F79EFBC}") = "XamarinVeterinaria.Android", "XamarinVeterinaria\XamarinVeterinaria.Android\XamarinVeterinaria.Android.csproj", "{3F5B0AC1-27C5-4E7C-BF08-4CF02A9EEAC9}"
EndProject
Project("{FAE04EC0-301F-11D3-BF4B-00C04F79EFBC}") = "XamarinVeterinaria.iOS", "XamarinVeterinaria\XamarinVeterinaria.iOS\XamarinVeterinaria.iOS.csproj", "{386268F4-05D6-443F-A03B-B83C9B81E422}"
EndProject
Project("{FAE04EC0-301F-11D3-BF4B-00C04F79EFBC}") = "XamarinVeterinaria.UWP", "XamarinVeterinaria\XamarinVeterinaria.UWP\XamarinVeterinaria.UWP.csproj", "{388E8A92-55D7-49A1-BCF1-3DE1B62AA804}"
EndProject
Global
	GlobalSection(SharedMSBuildProjectFiles) = preSolution
		XamarinVeterinaria\XamarinVeterinaria\XamarinVeterinaria.projitems*{386268f4-05d6-443f-a03b-b83c9b81e422}*SharedItemsImports = 4
		XamarinVeterinaria\XamarinVeterinaria\XamarinVeterinaria.projitems*{388e8a92-55d7-49a1-bcf1-3de1b62aa804}*SharedItemsImports = 4
		XamarinVeterinaria\XamarinVeterinaria\XamarinVeterinaria.projitems*{3f5b0ac1-27c5-4e7c-bf08-4cf02a9eeac9}*SharedItemsImports = 4
		XamarinVeterinaria\XamarinVeterinaria\XamarinVeterinaria.projitems*{972b8b9a-641b-46e2-bbef-47d32eb8e6a6}*SharedItemsImports = 13
	EndGlobalSection
	GlobalSection(SolutionConfigurationPlatforms) = preSolution
		Ad-Hoc|Any CPU = Ad-Hoc|Any CPU
		Ad-Hoc|ARM = Ad-Hoc|ARM
		Ad-Hoc|iPhone = Ad-Hoc|iPhone
		Ad-Hoc|iPhoneSimulator = Ad-Hoc|iPhoneSimulator
		Ad-Hoc|x64 = Ad-Hoc|x64
		Ad-Hoc|x86 = Ad-Hoc|x86
		AppStore|Any CPU = AppStore|Any CPU
		AppStore|ARM = AppStore|ARM
		AppStore|iPhone = AppStore|iPhone
		AppStore|iPhoneSimulator = AppStore|iPhoneSimulator
		AppStore|x64 = AppStore|x64
		AppStore|x86 = AppStore|x86
		Debug|Any CPU = Debug|Any CPU
		Debug|ARM = Debug|ARM
		Debug|iPhone = Debug|iPhone
		Debug|iPhoneSimulator = Debug|iPhoneSimulator
		Debug|x64 = Debug|x64
		Debug|x86 = Debug|x86
		Release|Any CPU = Release|Any CPU
		Release|ARM = Release|ARM
		Release|iPhone = Release|iPhone
		Release|iPhoneSimulator = Release|iPhoneSimulator
		Release|x64 = Release|x64
		Release|x86 = Release|x86
	EndGlobalSection
	GlobalSection(ProjectConfigurationPlatforms) = postSolution
		{EF7C75D1-2F3D-41F3-B977-AAE00FD8D0D1}.Ad-Hoc|Any CPU.ActiveCfg = Release|Any CPU
		{EF7C75D1-2F3D-41F3-B977-AAE00FD8D0D1}.Ad-Hoc|Any CPU.Build.0 = Release|Any CPU
		{EF7C75D1-2F3D-41F3-B977-AAE00FD8D0D1}.Ad-Hoc|ARM.ActiveCfg = Release|Any CPU
		{EF7C75D1-2F3D-41F3-B977-AAE00FD8D0D1}.Ad-Hoc|ARM.Build.0 = Release|Any CPU
		{EF7C75D1-2F3D-41F3-B977-AAE00FD8D0D1}.Ad-Hoc|iPhone.ActiveCfg = Release|Any CPU
		{EF7C75D1-2F3D-41F3-B977-AAE00FD8D0D1}.Ad-Hoc|iPhone.Build.0 = Release|Any CPU
		{EF7C75D1-2F3D-41F3-B977-AAE00FD8D0D1}.Ad-Hoc|iPhoneSimulator.ActiveCfg = Release|Any CPU
		{EF7C75D1-2F3D-41F3-B977-AAE00FD8D0D1}.Ad-Hoc|iPhoneSimulator.Build.0 = Release|Any CPU
		{EF7C75D1-2F3D-41F3-B977-AAE00FD8D0D1}.Ad-Hoc|x64.ActiveCfg = Release|Any CPU
		{EF7C75D1-2F3D-41F3-B977-AAE00FD8D0D1}.Ad-Hoc|x64.Build.0 = Release|Any CPU
		{EF7C75D1-2F3D-41F3-B977-AAE00FD8D0D1}.Ad-Hoc|x86.ActiveCfg = Release|Any CPU
		{EF7C75D1-2F3D-41F3-B977-AAE00FD8D0D1}.Ad-Hoc|x86.Build.0 = Release|Any CPU
		{EF7C75D1-2F3D-41F3-B977-AAE00FD8D0D1}.AppStore|Any CPU.ActiveCfg = Release|Any CPU
		{EF7C75D1-2F3D-41F3-B977-AAE00FD8D0D1}.AppStore|Any CPU.Build.0 = Release|Any CPU
		{EF7C75D1-2F3D-41F3-B977-AAE00FD8D0D1}.AppStore|ARM.ActiveCfg = Release|Any CPU
		{EF7C75D1-2F3D-41F3-B977-AAE00FD8D0D1}.AppStore|ARM.Build.0 = Release|Any CPU
		{EF7C75D1-2F3D-41F3-B977-AAE00FD8D0D1}.AppStore|iPhone.ActiveCfg = Release|Any CPU
		{EF7C75D1-2F3D-41F3-B977-AAE00FD8D0D1}.AppStore|iPhone.Build.0 = Release|Any CPU
		{EF7C75D1-2F3D-41F3-B977-AAE00FD8D0D1}.AppStore|iPhoneSimulator.ActiveCfg = Release|Any CPU
		{EF7C75D1-2F3D-41F3-B977-AAE00FD8D0D1}.AppStore|iPhoneSimulator.Build.0 = Release|Any CPU
		{EF7C75D1-2F3D-41F3-B977-AAE00FD8D0D1}.AppStore|x64.ActiveCfg = Release|Any CPU
		{EF7C75D1-2F3D-41F3-B977-AAE00FD8D0D1}.AppStore|x64.Build.0 = Release|Any CPU
		{EF7C75D1-2F3D-41F3-B977-AAE00FD8D0D1}.AppStore|x86.ActiveCfg = Release|Any CPU
		{EF7C75D1-2F3D-41F3-B977-AAE00FD8D0D1}.AppStore|x86.Build.0 = Release|Any CPU
		{EF7C75D1-2F3D-41F3-B977-AAE00FD8D0D1}.Debug|Any CPU.ActiveCfg = Debug|Any CPU
		{EF7C75D1-2F3D-41F3-B977-AAE00FD8D0D1}.Debug|Any CPU.Build.0 = Debug|Any CPU
		{EF7C75D1-2F3D-41F3-B977-AAE00FD8D0D1}.Debug|ARM.ActiveCfg = Debug|Any CPU
		{EF7C75D1-2F3D-41F3-B977-AAE00FD8D0D1}.Debug|ARM.Build.0 = Debug|Any CPU
		{EF7C75D1-2F3D-41F3-B977-AAE00FD8D0D1}.Debug|iPhone.ActiveCfg = Debug|Any CPU
		{EF7C75D1-2F3D-41F3-B977-AAE00FD8D0D1}.Debug|iPhone.Build.0 = Debug|Any CPU
		{EF7C75D1-2F3D-41F3-B977-AAE00FD8D0D1}.Debug|iPhoneSimulator.ActiveCfg = Debug|Any CPU
		{EF7C75D1-2F3D-41F3-B977-AAE00FD8D0D1}.Debug|iPhoneSimulator.Build.0 = Debug|Any CPU
		{EF7C75D1-2F3D-41F3-B977-AAE00FD8D0D1}.Debug|x64.ActiveCfg = Debug|Any CPU
		{EF7C75D1-2F3D-41F3-B977-AAE00FD8D0D1}.Debug|x64.Build.0 = Debug|Any CPU
		{EF7C75D1-2F3D-41F3-B977-AAE00FD8D0D1}.Debug|x86.ActiveCfg = Debug|Any CPU
		{EF7C75D1-2F3D-41F3-B977-AAE00FD8D0D1}.Debug|x86.Build.0 = Debug|Any CPU
		{EF7C75D1-2F3D-41F3-B977-AAE00FD8D0D1}.Release|Any CPU.ActiveCfg = Release|Any CPU
		{EF7C75D1-2F3D-41F3-B977-AAE00FD8D0D1}.Release|Any CPU.Build.0 = Release|Any CPU
		{EF7C75D1-2F3D-41F3-B977-AAE00FD8D0D1}.Release|ARM.ActiveCfg = Release|Any CPU
		{EF7C75D1-2F3D-41F3-B977-AAE00FD8D0D1}.Release|ARM.Build.0 = Release|Any CPU
		{EF7C75D1-2F3D-41F3-B977-AAE00FD8D0D1}.Release|iPhone.ActiveCfg = Release|Any CPU
		{EF7C75D1-2F3D-41F3-B977-AAE00FD8D0D1}.Release|iPhone.Build.0 = Release|Any CPU
		{EF7C75D1-2F3D-41F3-B977-AAE00FD8D0D1}.Release|iPhoneSimulator.ActiveCfg = Release|Any CPU
		{EF7C75D1-2F3D-41F3-B977-AAE00FD8D0D1}.Release|iPhoneSimulator.Build.0 = Release|Any CPU
		{EF7C75D1-2F3D-41F3-B977-AAE00FD8D0D1}.Release|x64.ActiveCfg = Release|Any CPU
		{EF7C75D1-2F3D-41F3-B977-AAE00FD8D0D1}.Release|x64.Build.0 = Release|Any CPU
		{EF7C75D1-2F3D-41F3-B977-AAE00FD8D0D1}.Release|x86.ActiveCfg = Release|Any CPU
		{EF7C75D1-2F3D-41F3-B977-AAE00FD8D0D1}.Release|x86.Build.0 = Release|Any CPU
		{AC4A3DFC-251C-44A4-BF0F-30FC5317FDD7}.Ad-Hoc|Any CPU.ActiveCfg = Release|Any CPU
		{AC4A3DFC-251C-44A4-BF0F-30FC5317FDD7}.Ad-Hoc|Any CPU.Build.0 = Release|Any CPU
		{AC4A3DFC-251C-44A4-BF0F-30FC5317FDD7}.Ad-Hoc|ARM.ActiveCfg = Release|Any CPU
		{AC4A3DFC-251C-44A4-BF0F-30FC5317FDD7}.Ad-Hoc|ARM.Build.0 = Release|Any CPU
		{AC4A3DFC-251C-44A4-BF0F-30FC5317FDD7}.Ad-Hoc|iPhone.ActiveCfg = Release|Any CPU
		{AC4A3DFC-251C-44A4-BF0F-30FC5317FDD7}.Ad-Hoc|iPhone.Build.0 = Release|Any CPU
		{AC4A3DFC-251C-44A4-BF0F-30FC5317FDD7}.Ad-Hoc|iPhoneSimulator.ActiveCfg = Release|Any CPU
		{AC4A3DFC-251C-44A4-BF0F-30FC5317FDD7}.Ad-Hoc|iPhoneSimulator.Build.0 = Release|Any CPU
		{AC4A3DFC-251C-44A4-BF0F-30FC5317FDD7}.Ad-Hoc|x64.ActiveCfg = Release|Any CPU
		{AC4A3DFC-251C-44A4-BF0F-30FC5317FDD7}.Ad-Hoc|x64.Build.0 = Release|Any CPU
		{AC4A3DFC-251C-44A4-BF0F-30FC5317FDD7}.Ad-Hoc|x86.ActiveCfg = Release|Any CPU
		{AC4A3DFC-251C-44A4-BF0F-30FC5317FDD7}.Ad-Hoc|x86.Build.0 = Release|Any CPU
		{AC4A3DFC-251C-44A4-BF0F-30FC5317FDD7}.AppStore|Any CPU.ActiveCfg = Release|Any CPU
		{AC4A3DFC-251C-44A4-BF0F-30FC5317FDD7}.AppStore|Any CPU.Build.0 = Release|Any CPU
		{AC4A3DFC-251C-44A4-BF0F-30FC5317FDD7}.AppStore|ARM.ActiveCfg = Release|Any CPU
		{AC4A3DFC-251C-44A4-BF0F-30FC5317FDD7}.AppStore|ARM.Build.0 = Release|Any CPU
		{AC4A3DFC-251C-44A4-BF0F-30FC5317FDD7}.AppStore|iPhone.ActiveCfg = Release|Any CPU
		{AC4A3DFC-251C-44A4-BF0F-30FC5317FDD7}.AppStore|iPhone.Build.0 = Release|Any CPU
		{AC4A3DFC-251C-44A4-BF0F-30FC5317FDD7}.AppStore|iPhoneSimulator.ActiveCfg = Release|Any CPU
		{AC4A3DFC-251C-44A4-BF0F-30FC5317FDD7}.AppStore|iPhoneSimulator.Build.0 = Release|Any CPU
		{AC4A3DFC-251C-44A4-BF0F-30FC5317FDD7}.AppStore|x64.ActiveCfg = Release|Any CPU
		{AC4A3DFC-251C-44A4-BF0F-30FC5317FDD7}.AppStore|x64.Build.0 = Release|Any CPU
		{AC4A3DFC-251C-44A4-BF0F-30FC5317FDD7}.AppStore|x86.ActiveCfg = Release|Any CPU
		{AC4A3DFC-251C-44A4-BF0F-30FC5317FDD7}.AppStore|x86.Build.0 = Release|Any CPU
		{AC4A3DFC-251C-44A4-BF0F-30FC5317FDD7}.Debug|Any CPU.ActiveCfg = Debug|Any CPU
		{AC4A3DFC-251C-44A4-BF0F-30FC5317FDD7}.Debug|Any CPU.Build.0 = Debug|Any CPU
		{AC4A3DFC-251C-44A4-BF0F-30FC5317FDD7}.Debug|ARM.ActiveCfg = Debug|Any CPU
		{AC4A3DFC-251C-44A4-BF0F-30FC5317FDD7}.Debug|ARM.Build.0 = Debug|Any CPU
		{AC4A3DFC-251C-44A4-BF0F-30FC5317FDD7}.Debug|iPhone.ActiveCfg = Debug|Any CPU
		{AC4A3DFC-251C-44A4-BF0F-30FC5317FDD7}.Debug|iPhone.Build.0 = Debug|Any CPU
		{AC4A3DFC-251C-44A4-BF0F-30FC5317FDD7}.Debug|iPhoneSimulator.ActiveCfg = Debug|Any CPU
		{AC4A3DFC-251C-44A4-BF0F-30FC5317FDD7}.Debug|iPhoneSimulator.Build.0 = Debug|Any CPU
		{AC4A3DFC-251C-44A4-BF0F-30FC5317FDD7}.Debug|x64.ActiveCfg = Debug|Any CPU
		{AC4A3DFC-251C-44A4-BF0F-30FC5317FDD7}.Debug|x64.Build.0 = Debug|Any CPU
		{AC4A3DFC-251C-44A4-BF0F-30FC5317FDD7}.Debug|x86.ActiveCfg = Debug|Any CPU
		{AC4A3DFC-251C-44A4-BF0F-30FC5317FDD7}.Debug|x86.Build.0 = Debug|Any CPU
		{AC4A3DFC-251C-44A4-BF0F-30FC5317FDD7}.Release|Any CPU.ActiveCfg = Release|Any CPU
		{AC4A3DFC-251C-44A4-BF0F-30FC5317FDD7}.Release|Any CPU.Build.0 = Release|Any CPU
		{AC4A3DFC-251C-44A4-BF0F-30FC5317FDD7}.Release|ARM.ActiveCfg = Release|Any CPU
		{AC4A3DFC-251C-44A4-BF0F-30FC5317FDD7}.Release|ARM.Build.0 = Release|Any CPU
		{AC4A3DFC-251C-44A4-BF0F-30FC5317FDD7}.Release|iPhone.ActiveCfg = Release|Any CPU
		{AC4A3DFC-251C-44A4-BF0F-30FC5317FDD7}.Release|iPhone.Build.0 = Release|Any CPU
		{AC4A3DFC-251C-44A4-BF0F-30FC5317FDD7}.Release|iPhoneSimulator.ActiveCfg = Release|Any CPU
		{AC4A3DFC-251C-44A4-BF0F-30FC5317FDD7}.Release|iPhoneSimulator.Build.0 = Release|Any CPU
		{AC4A3DFC-251C-44A4-BF0F-30FC5317FDD7}.Release|x64.ActiveCfg = Release|Any CPU
		{AC4A3DFC-251C-44A4-BF0F-30FC5317FDD7}.Release|x64.Build.0 = Release|Any CPU
		{AC4A3DFC-251C-44A4-BF0F-30FC5317FDD7}.Release|x86.ActiveCfg = Release|Any CPU
		{AC4A3DFC-251C-44A4-BF0F-30FC5317FDD7}.Release|x86.Build.0 = Release|Any CPU
		{3F5B0AC1-27C5-4E7C-BF08-4CF02A9EEAC9}.Ad-Hoc|Any CPU.ActiveCfg = Release|Any CPU
		{3F5B0AC1-27C5-4E7C-BF08-4CF02A9EEAC9}.Ad-Hoc|Any CPU.Build.0 = Release|Any CPU
		{3F5B0AC1-27C5-4E7C-BF08-4CF02A9EEAC9}.Ad-Hoc|Any CPU.Deploy.0 = Release|Any CPU
		{3F5B0AC1-27C5-4E7C-BF08-4CF02A9EEAC9}.Ad-Hoc|ARM.ActiveCfg = Release|Any CPU
		{3F5B0AC1-27C5-4E7C-BF08-4CF02A9EEAC9}.Ad-Hoc|ARM.Build.0 = Release|Any CPU
		{3F5B0AC1-27C5-4E7C-BF08-4CF02A9EEAC9}.Ad-Hoc|ARM.Deploy.0 = Release|Any CPU
		{3F5B0AC1-27C5-4E7C-BF08-4CF02A9EEAC9}.Ad-Hoc|iPhone.ActiveCfg = Release|Any CPU
		{3F5B0AC1-27C5-4E7C-BF08-4CF02A9EEAC9}.Ad-Hoc|iPhone.Build.0 = Release|Any CPU
		{3F5B0AC1-27C5-4E7C-BF08-4CF02A9EEAC9}.Ad-Hoc|iPhone.Deploy.0 = Release|Any CPU
		{3F5B0AC1-27C5-4E7C-BF08-4CF02A9EEAC9}.Ad-Hoc|iPhoneSimulator.ActiveCfg = Release|Any CPU
		{3F5B0AC1-27C5-4E7C-BF08-4CF02A9EEAC9}.Ad-Hoc|iPhoneSimulator.Build.0 = Release|Any CPU
		{3F5B0AC1-27C5-4E7C-BF08-4CF02A9EEAC9}.Ad-Hoc|iPhoneSimulator.Deploy.0 = Release|Any CPU
		{3F5B0AC1-27C5-4E7C-BF08-4CF02A9EEAC9}.Ad-Hoc|x64.ActiveCfg = Release|Any CPU
		{3F5B0AC1-27C5-4E7C-BF08-4CF02A9EEAC9}.Ad-Hoc|x64.Build.0 = Release|Any CPU
		{3F5B0AC1-27C5-4E7C-BF08-4CF02A9EEAC9}.Ad-Hoc|x64.Deploy.0 = Release|Any CPU
		{3F5B0AC1-27C5-4E7C-BF08-4CF02A9EEAC9}.Ad-Hoc|x86.ActiveCfg = Release|Any CPU
		{3F5B0AC1-27C5-4E7C-BF08-4CF02A9EEAC9}.Ad-Hoc|x86.Build.0 = Release|Any CPU
		{3F5B0AC1-27C5-4E7C-BF08-4CF02A9EEAC9}.Ad-Hoc|x86.Deploy.0 = Release|Any CPU
		{3F5B0AC1-27C5-4E7C-BF08-4CF02A9EEAC9}.AppStore|Any CPU.ActiveCfg = Release|Any CPU
		{3F5B0AC1-27C5-4E7C-BF08-4CF02A9EEAC9}.AppStore|Any CPU.Build.0 = Release|Any CPU
		{3F5B0AC1-27C5-4E7C-BF08-4CF02A9EEAC9}.AppStore|Any CPU.Deploy.0 = Release|Any CPU
		{3F5B0AC1-27C5-4E7C-BF08-4CF02A9EEAC9}.AppStore|ARM.ActiveCfg = Release|Any CPU
		{3F5B0AC1-27C5-4E7C-BF08-4CF02A9EEAC9}.AppStore|ARM.Build.0 = Release|Any CPU
		{3F5B0AC1-27C5-4E7C-BF08-4CF02A9EEAC9}.AppStore|ARM.Deploy.0 = Release|Any CPU
		{3F5B0AC1-27C5-4E7C-BF08-4CF02A9EEAC9}.AppStore|iPhone.ActiveCfg = Release|Any CPU
		{3F5B0AC1-27C5-4E7C-BF08-4CF02A9EEAC9}.AppStore|iPhone.Build.0 = Release|Any CPU
		{3F5B0AC1-27C5-4E7C-BF08-4CF02A9EEAC9}.AppStore|iPhone.Deploy.0 = Release|Any CPU
		{3F5B0AC1-27C5-4E7C-BF08-4CF02A9EEAC9}.AppStore|iPhoneSimulator.ActiveCfg = Release|Any CPU
		{3F5B0AC1-27C5-4E7C-BF08-4CF02A9EEAC9}.AppStore|iPhoneSimulator.Build.0 = Release|Any CPU
		{3F5B0AC1-27C5-4E7C-BF08-4CF02A9EEAC9}.AppStore|iPhoneSimulator.Deploy.0 = Release|Any CPU
		{3F5B0AC1-27C5-4E7C-BF08-4CF02A9EEAC9}.AppStore|x64.ActiveCfg = Release|Any CPU
		{3F5B0AC1-27C5-4E7C-BF08-4CF02A9EEAC9}.AppStore|x64.Build.0 = Release|Any CPU
		{3F5B0AC1-27C5-4E7C-BF08-4CF02A9EEAC9}.AppStore|x64.Deploy.0 = Release|Any CPU
		{3F5B0AC1-27C5-4E7C-BF08-4CF02A9EEAC9}.AppStore|x86.ActiveCfg = Release|Any CPU
		{3F5B0AC1-27C5-4E7C-BF08-4CF02A9EEAC9}.AppStore|x86.Build.0 = Release|Any CPU
		{3F5B0AC1-27C5-4E7C-BF08-4CF02A9EEAC9}.AppStore|x86.Deploy.0 = Release|Any CPU
		{3F5B0AC1-27C5-4E7C-BF08-4CF02A9EEAC9}.Debug|Any CPU.ActiveCfg = Debug|Any CPU
		{3F5B0AC1-27C5-4E7C-BF08-4CF02A9EEAC9}.Debug|Any CPU.Build.0 = Debug|Any CPU
		{3F5B0AC1-27C5-4E7C-BF08-4CF02A9EEAC9}.Debug|Any CPU.Deploy.0 = Debug|Any CPU
		{3F5B0AC1-27C5-4E7C-BF08-4CF02A9EEAC9}.Debug|ARM.ActiveCfg = Debug|Any CPU
		{3F5B0AC1-27C5-4E7C-BF08-4CF02A9EEAC9}.Debug|ARM.Build.0 = Debug|Any CPU
		{3F5B0AC1-27C5-4E7C-BF08-4CF02A9EEAC9}.Debug|ARM.Deploy.0 = Debug|Any CPU
		{3F5B0AC1-27C5-4E7C-BF08-4CF02A9EEAC9}.Debug|iPhone.ActiveCfg = Debug|Any CPU
		{3F5B0AC1-27C5-4E7C-BF08-4CF02A9EEAC9}.Debug|iPhone.Build.0 = Debug|Any CPU
		{3F5B0AC1-27C5-4E7C-BF08-4CF02A9EEAC9}.Debug|iPhone.Deploy.0 = Debug|Any CPU
		{3F5B0AC1-27C5-4E7C-BF08-4CF02A9EEAC9}.Debug|iPhoneSimulator.ActiveCfg = Debug|Any CPU
		{3F5B0AC1-27C5-4E7C-BF08-4CF02A9EEAC9}.Debug|iPhoneSimulator.Build.0 = Debug|Any CPU
		{3F5B0AC1-27C5-4E7C-BF08-4CF02A9EEAC9}.Debug|iPhoneSimulator.Deploy.0 = Debug|Any CPU
		{3F5B0AC1-27C5-4E7C-BF08-4CF02A9EEAC9}.Debug|x64.ActiveCfg = Debug|Any CPU
		{3F5B0AC1-27C5-4E7C-BF08-4CF02A9EEAC9}.Debug|x64.Build.0 = Debug|Any CPU
		{3F5B0AC1-27C5-4E7C-BF08-4CF02A9EEAC9}.Debug|x64.Deploy.0 = Debug|Any CPU
		{3F5B0AC1-27C5-4E7C-BF08-4CF02A9EEAC9}.Debug|x86.ActiveCfg = Debug|Any CPU
		{3F5B0AC1-27C5-4E7C-BF08-4CF02A9EEAC9}.Debug|x86.Build.0 = Debug|Any CPU
		{3F5B0AC1-27C5-4E7C-BF08-4CF02A9EEAC9}.Debug|x86.Deploy.0 = Debug|Any CPU
		{3F5B0AC1-27C5-4E7C-BF08-4CF02A9EEAC9}.Release|Any CPU.ActiveCfg = Release|Any CPU
		{3F5B0AC1-27C5-4E7C-BF08-4CF02A9EEAC9}.Release|Any CPU.Build.0 = Release|Any CPU
		{3F5B0AC1-27C5-4E7C-BF08-4CF02A9EEAC9}.Release|Any CPU.Deploy.0 = Release|Any CPU
		{3F5B0AC1-27C5-4E7C-BF08-4CF02A9EEAC9}.Release|ARM.ActiveCfg = Release|Any CPU
		{3F5B0AC1-27C5-4E7C-BF08-4CF02A9EEAC9}.Release|ARM.Build.0 = Release|Any CPU
		{3F5B0AC1-27C5-4E7C-BF08-4CF02A9EEAC9}.Release|ARM.Deploy.0 = Release|Any CPU
		{3F5B0AC1-27C5-4E7C-BF08-4CF02A9EEAC9}.Release|iPhone.ActiveCfg = Release|Any CPU
		{3F5B0AC1-27C5-4E7C-BF08-4CF02A9EEAC9}.Release|iPhone.Build.0 = Release|Any CPU
		{3F5B0AC1-27C5-4E7C-BF08-4CF02A9EEAC9}.Release|iPhone.Deploy.0 = Release|Any CPU
		{3F5B0AC1-27C5-4E7C-BF08-4CF02A9EEAC9}.Release|iPhoneSimulator.ActiveCfg = Release|Any CPU
		{3F5B0AC1-27C5-4E7C-BF08-4CF02A9EEAC9}.Release|iPhoneSimulator.Build.0 = Release|Any CPU
		{3F5B0AC1-27C5-4E7C-BF08-4CF02A9EEAC9}.Release|iPhoneSimulator.Deploy.0 = Release|Any CPU
		{3F5B0AC1-27C5-4E7C-BF08-4CF02A9EEAC9}.Release|x64.ActiveCfg = Release|Any CPU
		{3F5B0AC1-27C5-4E7C-BF08-4CF02A9EEAC9}.Release|x64.Build.0 = Release|Any CPU
		{3F5B0AC1-27C5-4E7C-BF08-4CF02A9EEAC9}.Release|x64.Deploy.0 = Release|Any CPU
		{3F5B0AC1-27C5-4E7C-BF08-4CF02A9EEAC9}.Release|x86.ActiveCfg = Release|Any CPU
		{3F5B0AC1-27C5-4E7C-BF08-4CF02A9EEAC9}.Release|x86.Build.0 = Release|Any CPU
		{3F5B0AC1-27C5-4E7C-BF08-4CF02A9EEAC9}.Release|x86.Deploy.0 = Release|Any CPU
		{386268F4-05D6-443F-A03B-B83C9B81E422}.Ad-Hoc|Any CPU.ActiveCfg = Ad-Hoc|iPhone
		{386268F4-05D6-443F-A03B-B83C9B81E422}.Ad-Hoc|ARM.ActiveCfg = Ad-Hoc|iPhone
		{386268F4-05D6-443F-A03B-B83C9B81E422}.Ad-Hoc|iPhone.ActiveCfg = Ad-Hoc|iPhone
		{386268F4-05D6-443F-A03B-B83C9B81E422}.Ad-Hoc|iPhone.Build.0 = Ad-Hoc|iPhone
		{386268F4-05D6-443F-A03B-B83C9B81E422}.Ad-Hoc|iPhoneSimulator.ActiveCfg = Ad-Hoc|iPhoneSimulator
		{386268F4-05D6-443F-A03B-B83C9B81E422}.Ad-Hoc|iPhoneSimulator.Build.0 = Ad-Hoc|iPhoneSimulator
		{386268F4-05D6-443F-A03B-B83C9B81E422}.Ad-Hoc|x64.ActiveCfg = Ad-Hoc|iPhone
		{386268F4-05D6-443F-A03B-B83C9B81E422}.Ad-Hoc|x86.ActiveCfg = Ad-Hoc|iPhone
		{386268F4-05D6-443F-A03B-B83C9B81E422}.AppStore|Any CPU.ActiveCfg = AppStore|iPhone
		{386268F4-05D6-443F-A03B-B83C9B81E422}.AppStore|ARM.ActiveCfg = AppStore|iPhone
		{386268F4-05D6-443F-A03B-B83C9B81E422}.AppStore|iPhone.ActiveCfg = AppStore|iPhone
		{386268F4-05D6-443F-A03B-B83C9B81E422}.AppStore|iPhone.Build.0 = AppStore|iPhone
		{386268F4-05D6-443F-A03B-B83C9B81E422}.AppStore|iPhoneSimulator.ActiveCfg = AppStore|iPhoneSimulator
		{386268F4-05D6-443F-A03B-B83C9B81E422}.AppStore|iPhoneSimulator.Build.0 = AppStore|iPhoneSimulator
		{386268F4-05D6-443F-A03B-B83C9B81E422}.AppStore|x64.ActiveCfg = AppStore|iPhone
		{386268F4-05D6-443F-A03B-B83C9B81E422}.AppStore|x86.ActiveCfg = AppStore|iPhone
		{386268F4-05D6-443F-A03B-B83C9B81E422}.Debug|Any CPU.ActiveCfg = Debug|iPhone
		{386268F4-05D6-443F-A03B-B83C9B81E422}.Debug|ARM.ActiveCfg = Debug|iPhone
		{386268F4-05D6-443F-A03B-B83C9B81E422}.Debug|iPhone.ActiveCfg = Debug|iPhone
		{386268F4-05D6-443F-A03B-B83C9B81E422}.Debug|iPhone.Build.0 = Debug|iPhone
		{386268F4-05D6-443F-A03B-B83C9B81E422}.Debug|iPhoneSimulator.ActiveCfg = Debug|iPhoneSimulator
		{386268F4-05D6-443F-A03B-B83C9B81E422}.Debug|iPhoneSimulator.Build.0 = Debug|iPhoneSimulator
		{386268F4-05D6-443F-A03B-B83C9B81E422}.Debug|x64.ActiveCfg = Debug|iPhone
		{386268F4-05D6-443F-A03B-B83C9B81E422}.Debug|x86.ActiveCfg = Debug|iPhone
		{386268F4-05D6-443F-A03B-B83C9B81E422}.Release|Any CPU.ActiveCfg = Release|iPhone
		{386268F4-05D6-443F-A03B-B83C9B81E422}.Release|ARM.ActiveCfg = Release|iPhone
		{386268F4-05D6-443F-A03B-B83C9B81E422}.Release|iPhone.ActiveCfg = Release|iPhone
		{386268F4-05D6-443F-A03B-B83C9B81E422}.Release|iPhone.Build.0 = Release|iPhone
		{386268F4-05D6-443F-A03B-B83C9B81E422}.Release|iPhoneSimulator.ActiveCfg = Release|iPhoneSimulator
		{386268F4-05D6-443F-A03B-B83C9B81E422}.Release|iPhoneSimulator.Build.0 = Release|iPhoneSimulator
		{386268F4-05D6-443F-A03B-B83C9B81E422}.Release|x64.ActiveCfg = Release|iPhone
		{386268F4-05D6-443F-A03B-B83C9B81E422}.Release|x86.ActiveCfg = Release|iPhone
		{388E8A92-55D7-49A1-BCF1-3DE1B62AA804}.Ad-Hoc|Any CPU.ActiveCfg = Release|x86
		{388E8A92-55D7-49A1-BCF1-3DE1B62AA804}.Ad-Hoc|Any CPU.Build.0 = Release|x86
		{388E8A92-55D7-49A1-BCF1-3DE1B62AA804}.Ad-Hoc|Any CPU.Deploy.0 = Release|x86
		{388E8A92-55D7-49A1-BCF1-3DE1B62AA804}.Ad-Hoc|ARM.ActiveCfg = Release|ARM
		{388E8A92-55D7-49A1-BCF1-3DE1B62AA804}.Ad-Hoc|ARM.Build.0 = Release|ARM
		{388E8A92-55D7-49A1-BCF1-3DE1B62AA804}.Ad-Hoc|ARM.Deploy.0 = Release|ARM
		{388E8A92-55D7-49A1-BCF1-3DE1B62AA804}.Ad-Hoc|iPhone.ActiveCfg = Release|x86
		{388E8A92-55D7-49A1-BCF1-3DE1B62AA804}.Ad-Hoc|iPhone.Build.0 = Release|x86
		{388E8A92-55D7-49A1-BCF1-3DE1B62AA804}.Ad-Hoc|iPhone.Deploy.0 = Release|x86
		{388E8A92-55D7-49A1-BCF1-3DE1B62AA804}.Ad-Hoc|iPhoneSimulator.ActiveCfg = Release|x86
		{388E8A92-55D7-49A1-BCF1-3DE1B62AA804}.Ad-Hoc|iPhoneSimulator.Build.0 = Release|x86
		{388E8A92-55D7-49A1-BCF1-3DE1B62AA804}.Ad-Hoc|iPhoneSimulator.Deploy.0 = Release|x86
		{388E8A92-55D7-49A1-BCF1-3DE1B62AA804}.Ad-Hoc|x64.ActiveCfg = Release|x64
		{388E8A92-55D7-49A1-BCF1-3DE1B62AA804}.Ad-Hoc|x64.Build.0 = Release|x64
		{388E8A92-55D7-49A1-BCF1-3DE1B62AA804}.Ad-Hoc|x64.Deploy.0 = Release|x64
		{388E8A92-55D7-49A1-BCF1-3DE1B62AA804}.Ad-Hoc|x86.ActiveCfg = Release|x86
		{388E8A92-55D7-49A1-BCF1-3DE1B62AA804}.Ad-Hoc|x86.Build.0 = Release|x86
		{388E8A92-55D7-49A1-BCF1-3DE1B62AA804}.Ad-Hoc|x86.Deploy.0 = Release|x86
		{388E8A92-55D7-49A1-BCF1-3DE1B62AA804}.AppStore|Any CPU.ActiveCfg = Release|x86
		{388E8A92-55D7-49A1-BCF1-3DE1B62AA804}.AppStore|Any CPU.Build.0 = Release|x86
		{388E8A92-55D7-49A1-BCF1-3DE1B62AA804}.AppStore|Any CPU.Deploy.0 = Release|x86
		{388E8A92-55D7-49A1-BCF1-3DE1B62AA804}.AppStore|ARM.ActiveCfg = Release|ARM
		{388E8A92-55D7-49A1-BCF1-3DE1B62AA804}.AppStore|ARM.Build.0 = Release|ARM
		{388E8A92-55D7-49A1-BCF1-3DE1B62AA804}.AppStore|ARM.Deploy.0 = Release|ARM
		{388E8A92-55D7-49A1-BCF1-3DE1B62AA804}.AppStore|iPhone.ActiveCfg = Release|x86
		{388E8A92-55D7-49A1-BCF1-3DE1B62AA804}.AppStore|iPhone.Build.0 = Release|x86
		{388E8A92-55D7-49A1-BCF1-3DE1B62AA804}.AppStore|iPhone.Deploy.0 = Release|x86
		{388E8A92-55D7-49A1-BCF1-3DE1B62AA804}.AppStore|iPhoneSimulator.ActiveCfg = Release|x86
		{388E8A92-55D7-49A1-BCF1-3DE1B62AA804}.AppStore|iPhoneSimulator.Build.0 = Release|x86
		{388E8A92-55D7-49A1-BCF1-3DE1B62AA804}.AppStore|iPhoneSimulator.Deploy.0 = Release|x86
		{388E8A92-55D7-49A1-BCF1-3DE1B62AA804}.AppStore|x64.ActiveCfg = Release|x64
		{388E8A92-55D7-49A1-BCF1-3DE1B62AA804}.AppStore|x64.Build.0 = Release|x64
		{388E8A92-55D7-49A1-BCF1-3DE1B62AA804}.AppStore|x64.Deploy.0 = Release|x64
		{388E8A92-55D7-49A1-BCF1-3DE1B62AA804}.AppStore|x86.ActiveCfg = Release|x86
		{388E8A92-55D7-49A1-BCF1-3DE1B62AA804}.AppStore|x86.Build.0 = Release|x86
		{388E8A92-55D7-49A1-BCF1-3DE1B62AA804}.AppStore|x86.Deploy.0 = Release|x86
		{388E8A92-55D7-49A1-BCF1-3DE1B62AA804}.Debug|Any CPU.ActiveCfg = Debug|x86
		{388E8A92-55D7-49A1-BCF1-3DE1B62AA804}.Debug|ARM.ActiveCfg = Debug|ARM
		{388E8A92-55D7-49A1-BCF1-3DE1B62AA804}.Debug|ARM.Build.0 = Debug|ARM
		{388E8A92-55D7-49A1-BCF1-3DE1B62AA804}.Debug|ARM.Deploy.0 = Debug|ARM
		{388E8A92-55D7-49A1-BCF1-3DE1B62AA804}.Debug|iPhone.ActiveCfg = Debug|x86
		{388E8A92-55D7-49A1-BCF1-3DE1B62AA804}.Debug|iPhoneSimulator.ActiveCfg = Debug|x86
		{388E8A92-55D7-49A1-BCF1-3DE1B62AA804}.Debug|x64.ActiveCfg = Debug|x64
		{388E8A92-55D7-49A1-BCF1-3DE1B62AA804}.Debug|x64.Build.0 = Debug|x64
		{388E8A92-55D7-49A1-BCF1-3DE1B62AA804}.Debug|x64.Deploy.0 = Debug|x64
		{388E8A92-55D7-49A1-BCF1-3DE1B62AA804}.Debug|x86.ActiveCfg = Debug|x86
		{388E8A92-55D7-49A1-BCF1-3DE1B62AA804}.Debug|x86.Build.0 = Debug|x86
		{388E8A92-55D7-49A1-BCF1-3DE1B62AA804}.Debug|x86.Deploy.0 = Debug|x86
		{388E8A92-55D7-49A1-BCF1-3DE1B62AA804}.Release|Any CPU.ActiveCfg = Release|x86
		{388E8A92-55D7-49A1-BCF1-3DE1B62AA804}.Release|ARM.ActiveCfg = Release|ARM
		{388E8A92-55D7-49A1-BCF1-3DE1B62AA804}.Release|ARM.Build.0 = Release|ARM
		{388E8A92-55D7-49A1-BCF1-3DE1B62AA804}.Release|ARM.Deploy.0 = Release|ARM
		{388E8A92-55D7-49A1-BCF1-3DE1B62AA804}.Release|iPhone.ActiveCfg = Release|x86
		{388E8A92-55D7-49A1-BCF1-3DE1B62AA804}.Release|iPhoneSimulator.ActiveCfg = Release|x86
		{388E8A92-55D7-49A1-BCF1-3DE1B62AA804}.Release|x64.ActiveCfg = Release|x64
		{388E8A92-55D7-49A1-BCF1-3DE1B62AA804}.Release|x64.Build.0 = Release|x64
		{388E8A92-55D7-49A1-BCF1-3DE1B62AA804}.Release|x64.Deploy.0 = Release|x64
		{388E8A92-55D7-49A1-BCF1-3DE1B62AA804}.Release|x86.ActiveCfg = Release|x86
		{388E8A92-55D7-49A1-BCF1-3DE1B62AA804}.Release|x86.Build.0 = Release|x86
		{388E8A92-55D7-49A1-BCF1-3DE1B62AA804}.Release|x86.Deploy.0 = Release|x86
	EndGlobalSection
	GlobalSection(SolutionProperties) = preSolution
		HideSolutionNode = FALSE
	EndGlobalSection
EndGlobal
